
Microsoft Visual Studio Solution File, Format Version 12.00
# Visual Studio 14
VisualStudioVersion = 14.0.24720.0
MinimumVisualStudioVersion = 10.0.40219.1
Project("{FAE04EC0-301F-11D3-BF4B-00C04F79EFBC}") = "ProjetFinal", "ProjetFinal\ProjetFinal.csproj", "{6D716D49-08DA-44F2-995E-AD78E8C5A029}"
EndProject
Project("{FAE04EC0-301F-11D3-BF4B-00C04F79EFBC}") = "ProjetFinal.UI.WPF", "ProjetFinal.UI.WPF\ProjetFinal.UI.WPF.csproj", "{9AAB48BE-28F8-4A50-A8B0-C58A82FE6F90}"
EndProject
Project("{FAE04EC0-301F-11D3-BF4B-00C04F79EFBC}") = "ProjetFinal.UI.HTML", "ProjetFinal.UI.HTML\ProjetFinal.UI.HTML.csproj", "{3DD64005-A3CA-4397-921F-2CA9EBCF26D4}"
EndProject
Project("{2150E333-8FDC-42A3-9474-1A3956D46DE8}") = "WebScraper.DAL", "WebScraper.DAL", "{C4AB1558-FB01-49A0-9D38-D0E967C1A551}"
EndProject
Project("{FAE04EC0-301F-11D3-BF4B-00C04F79EFBC}") = "DAL", "DAL\DAL.csproj", "{AACEF432-739E-43BD-A0A4-8D15293A6BA4}"
EndProject
Project("{2150E333-8FDC-42A3-9474-1A3956D46DE8}") = "WebScraper.BOL", "WebScraper.BOL", "{1A1AD235-0FD8-44EE-B0D1-D8DE10F057ED}"
EndProject
Project("{FAE04EC0-301F-11D3-BF4B-00C04F79EFBC}") = "BOL", "BOL\BOL.csproj", "{FC4C6196-0F26-4014-8A9E-37B60ABA8E89}"
EndProject
Project("{2150E333-8FDC-42A3-9474-1A3956D46DE8}") = "WebScraper.UIL", "WebScraper.UIL", "{F13A0A88-8A4D-4483-B311-6E366F7AAD42}"
EndProject
Project("{FAE04EC0-301F-11D3-BF4B-00C04F79EFBC}") = "UIL", "UIL\UIL.csproj", "{3405DFB0-C221-4986-B61D-5F3CBFF5684C}"
EndProject
Project("{2150E333-8FDC-42A3-9474-1A3956D46DE8}") = "WebScraper.WCF", "WebScraper.WCF", "{C6ACE78F-4E57-435C-BBE7-A94F12E59744}"
EndProject
Project("{FAE04EC0-301F-11D3-BF4B-00C04F79EFBC}") = "WCF.TestClient", "WCF.TestClient\WCF.TestClient.csproj", "{00650371-1F9D-4F25-90F1-FBF02575B529}"
EndProject
Project("{FAE04EC0-301F-11D3-BF4B-00C04F79EFBC}") = "WCF.TestHost", "WCF.TestHost\WCF.TestHost.csproj", "{32CEE4C5-FCCF-4FCE-B4F6-3615FBEC3704}"
EndProject
Project("{FAE04EC0-301F-11D3-BF4B-00C04F79EFBC}") = "BOL.Automate", "BOL.Automate\BOL.Automate.csproj", "{1C5D8484-81CD-4EC4-9FA1-DE13FB4E165E}"
EndProject
Project("{FAE04EC0-301F-11D3-BF4B-00C04F79EFBC}") = "WCFHost", "WCFHost\WCFHost.csproj", "{3519787A-EDC7-439E-ACFA-A634DBA9740C}"
EndProject
Project("{FAE04EC0-301F-11D3-BF4B-00C04F79EFBC}") = "WCFContract", "WCFContract\WCFContract.csproj", "{2D403005-9351-4688-BBFB-55B0AAD70618}"
EndProject
Project("{FAE04EC0-301F-11D3-BF4B-00C04F79EFBC}") = "ConsoleApplication2", "ConsoleApplication2\ConsoleApplication2.csproj", "{36690C20-41D1-4902-AAA3-33F4F3640167}"
EndProject
Global
	GlobalSection(SolutionConfigurationPlatforms) = preSolution
		Amin|Any CPU = Amin|Any CPU
		Debug|Any CPU = Debug|Any CPU
		Release|Any CPU = Release|Any CPU
	EndGlobalSection
	GlobalSection(ProjectConfigurationPlatforms) = postSolution
		{6D716D49-08DA-44F2-995E-AD78E8C5A029}.Amin|Any CPU.ActiveCfg = Release|Any CPU
		{6D716D49-08DA-44F2-995E-AD78E8C5A029}.Debug|Any CPU.ActiveCfg = Debug|Any CPU
		{6D716D49-08DA-44F2-995E-AD78E8C5A029}.Debug|Any CPU.Build.0 = Debug|Any CPU
		{6D716D49-08DA-44F2-995E-AD78E8C5A029}.Release|Any CPU.ActiveCfg = Release|Any CPU
		{6D716D49-08DA-44F2-995E-AD78E8C5A029}.Release|Any CPU.Build.0 = Release|Any CPU
		{9AAB48BE-28F8-4A50-A8B0-C58A82FE6F90}.Amin|Any CPU.ActiveCfg = Release|Any CPU
		{9AAB48BE-28F8-4A50-A8B0-C58A82FE6F90}.Debug|Any CPU.ActiveCfg = Debug|Any CPU
		{9AAB48BE-28F8-4A50-A8B0-C58A82FE6F90}.Debug|Any CPU.Build.0 = Debug|Any CPU
		{9AAB48BE-28F8-4A50-A8B0-C58A82FE6F90}.Release|Any CPU.ActiveCfg = Release|Any CPU
		{9AAB48BE-28F8-4A50-A8B0-C58A82FE6F90}.Release|Any CPU.Build.0 = Release|Any CPU
		{3DD64005-A3CA-4397-921F-2CA9EBCF26D4}.Amin|Any CPU.ActiveCfg = Release|Any CPU
		{3DD64005-A3CA-4397-921F-2CA9EBCF26D4}.Debug|Any CPU.ActiveCfg = Debug|Any CPU
		{3DD64005-A3CA-4397-921F-2CA9EBCF26D4}.Debug|Any CPU.Build.0 = Debug|Any CPU
		{3DD64005-A3CA-4397-921F-2CA9EBCF26D4}.Release|Any CPU.ActiveCfg = Release|Any CPU
		{3DD64005-A3CA-4397-921F-2CA9EBCF26D4}.Release|Any CPU.Build.0 = Release|Any CPU
		{AACEF432-739E-43BD-A0A4-8D15293A6BA4}.Amin|Any CPU.ActiveCfg = Amin|Any CPU
		{AACEF432-739E-43BD-A0A4-8D15293A6BA4}.Amin|Any CPU.Build.0 = Amin|Any CPU
		{AACEF432-739E-43BD-A0A4-8D15293A6BA4}.Debug|Any CPU.ActiveCfg = Debug|Any CPU
		{AACEF432-739E-43BD-A0A4-8D15293A6BA4}.Debug|Any CPU.Build.0 = Debug|Any CPU
		{AACEF432-739E-43BD-A0A4-8D15293A6BA4}.Release|Any CPU.ActiveCfg = Release|Any CPU
		{AACEF432-739E-43BD-A0A4-8D15293A6BA4}.Release|Any CPU.Build.0 = Release|Any CPU
		{FC4C6196-0F26-4014-8A9E-37B60ABA8E89}.Amin|Any CPU.ActiveCfg = Amin|Any CPU
		{FC4C6196-0F26-4014-8A9E-37B60ABA8E89}.Amin|Any CPU.Build.0 = Amin|Any CPU
		{FC4C6196-0F26-4014-8A9E-37B60ABA8E89}.Debug|Any CPU.ActiveCfg = Debug|Any CPU
		{FC4C6196-0F26-4014-8A9E-37B60ABA8E89}.Debug|Any CPU.Build.0 = Debug|Any CPU
		{FC4C6196-0F26-4014-8A9E-37B60ABA8E89}.Release|Any CPU.ActiveCfg = Release|Any CPU
		{FC4C6196-0F26-4014-8A9E-37B60ABA8E89}.Release|Any CPU.Build.0 = Release|Any CPU
		{3405DFB0-C221-4986-B61D-5F3CBFF5684C}.Amin|Any CPU.ActiveCfg = Amin|Any CPU
		{3405DFB0-C221-4986-B61D-5F3CBFF5684C}.Amin|Any CPU.Build.0 = Amin|Any CPU
		{3405DFB0-C221-4986-B61D-5F3CBFF5684C}.Debug|Any CPU.ActiveCfg = Debug|Any CPU
		{3405DFB0-C221-4986-B61D-5F3CBFF5684C}.Debug|Any CPU.Build.0 = Debug|Any CPU
		{3405DFB0-C221-4986-B61D-5F3CBFF5684C}.Release|Any CPU.ActiveCfg = Release|Any CPU
		{3405DFB0-C221-4986-B61D-5F3CBFF5684C}.Release|Any CPU.Build.0 = Release|Any CPU
		{00650371-1F9D-4F25-90F1-FBF02575B529}.Amin|Any CPU.ActiveCfg = Release|Any CPU
		{00650371-1F9D-4F25-90F1-FBF02575B529}.Debug|Any CPU.ActiveCfg = Debug|Any CPU
		{00650371-1F9D-4F25-90F1-FBF02575B529}.Debug|Any CPU.Build.0 = Debug|Any CPU
		{00650371-1F9D-4F25-90F1-FBF02575B529}.Release|Any CPU.ActiveCfg = Release|Any CPU
		{00650371-1F9D-4F25-90F1-FBF02575B529}.Release|Any CPU.Build.0 = Release|Any CPU
		{32CEE4C5-FCCF-4FCE-B4F6-3615FBEC3704}.Amin|Any CPU.ActiveCfg = Release|Any CPU
		{32CEE4C5-FCCF-4FCE-B4F6-3615FBEC3704}.Debug|Any CPU.ActiveCfg = Debug|Any CPU
		{32CEE4C5-FCCF-4FCE-B4F6-3615FBEC3704}.Debug|Any CPU.Build.0 = Debug|Any CPU
		{32CEE4C5-FCCF-4FCE-B4F6-3615FBEC3704}.Release|Any CPU.ActiveCfg = Release|Any CPU
		{32CEE4C5-FCCF-4FCE-B4F6-3615FBEC3704}.Release|Any CPU.Build.0 = Release|Any CPU
		{1C5D8484-81CD-4EC4-9FA1-DE13FB4E165E}.Amin|Any CPU.ActiveCfg = Amin|Any CPU
		{1C5D8484-81CD-4EC4-9FA1-DE13FB4E165E}.Amin|Any CPU.Build.0 = Amin|Any CPU
		{1C5D8484-81CD-4EC4-9FA1-DE13FB4E165E}.Debug|Any CPU.ActiveCfg = Debug|Any CPU
		{1C5D8484-81CD-4EC4-9FA1-DE13FB4E165E}.Debug|Any CPU.Build.0 = Debug|Any CPU
		{1C5D8484-81CD-4EC4-9FA1-DE13FB4E165E}.Release|Any CPU.ActiveCfg = Release|Any CPU
		{1C5D8484-81CD-4EC4-9FA1-DE13FB4E165E}.Release|Any CPU.Build.0 = Release|Any CPU
		{3519787A-EDC7-439E-ACFA-A634DBA9740C}.Amin|Any CPU.ActiveCfg = Amin|Any CPU
		{3519787A-EDC7-439E-ACFA-A634DBA9740C}.Amin|Any CPU.Build.0 = Amin|Any CPU
		{3519787A-EDC7-439E-ACFA-A634DBA9740C}.Debug|Any CPU.ActiveCfg = Debug|Any CPU
		{3519787A-EDC7-439E-ACFA-A634DBA9740C}.Debug|Any CPU.Build.0 = Debug|Any CPU
		{3519787A-EDC7-439E-ACFA-A634DBA9740C}.Release|Any CPU.ActiveCfg = Release|Any CPU
		{3519787A-EDC7-439E-ACFA-A634DBA9740C}.Release|Any CPU.Build.0 = Release|Any CPU
		{2D403005-9351-4688-BBFB-55B0AAD70618}.Amin|Any CPU.ActiveCfg = Amin|Any CPU
		{2D403005-9351-4688-BBFB-55B0AAD70618}.Amin|Any CPU.Build.0 = Amin|Any CPU
		{2D403005-9351-4688-BBFB-55B0AAD70618}.Debug|Any CPU.ActiveCfg = Debug|Any CPU
		{2D403005-9351-4688-BBFB-55B0AAD70618}.Debug|Any CPU.Build.0 = Debug|Any CPU
		{2D403005-9351-4688-BBFB-55B0AAD70618}.Release|Any CPU.ActiveCfg = Release|Any CPU
		{2D403005-9351-4688-BBFB-55B0AAD70618}.Release|Any CPU.Build.0 = Release|Any CPU
		{36690C20-41D1-4902-AAA3-33F4F3640167}.Amin|Any CPU.ActiveCfg = Release|Any CPU
		{36690C20-41D1-4902-AAA3-33F4F3640167}.Amin|Any CPU.Build.0 = Release|Any CPU
		{36690C20-41D1-4902-AAA3-33F4F3640167}.Debug|Any CPU.ActiveCfg = Debug|Any CPU
		{36690C20-41D1-4902-AAA3-33F4F3640167}.Debug|Any CPU.Build.0 = Debug|Any CPU
		{36690C20-41D1-4902-AAA3-33F4F3640167}.Release|Any CPU.ActiveCfg = Release|Any CPU
		{36690C20-41D1-4902-AAA3-33F4F3640167}.Release|Any CPU.Build.0 = Release|Any CPU
	EndGlobalSection
	GlobalSection(SolutionProperties) = preSolution
		HideSolutionNode = FALSE
	EndGlobalSection
	GlobalSection(NestedProjects) = preSolution
		{AACEF432-739E-43BD-A0A4-8D15293A6BA4} = {C4AB1558-FB01-49A0-9D38-D0E967C1A551}
		{FC4C6196-0F26-4014-8A9E-37B60ABA8E89} = {1A1AD235-0FD8-44EE-B0D1-D8DE10F057ED}
		{3405DFB0-C221-4986-B61D-5F3CBFF5684C} = {F13A0A88-8A4D-4483-B311-6E366F7AAD42}
		{00650371-1F9D-4F25-90F1-FBF02575B529} = {C6ACE78F-4E57-435C-BBE7-A94F12E59744}
		{32CEE4C5-FCCF-4FCE-B4F6-3615FBEC3704} = {C6ACE78F-4E57-435C-BBE7-A94F12E59744}
		{1C5D8484-81CD-4EC4-9FA1-DE13FB4E165E} = {1A1AD235-0FD8-44EE-B0D1-D8DE10F057ED}
		{3519787A-EDC7-439E-ACFA-A634DBA9740C} = {C6ACE78F-4E57-435C-BBE7-A94F12E59744}
		{2D403005-9351-4688-BBFB-55B0AAD70618} = {C6ACE78F-4E57-435C-BBE7-A94F12E59744}
		{36690C20-41D1-4902-AAA3-33F4F3640167} = {C6ACE78F-4E57-435C-BBE7-A94F12E59744}
	EndGlobalSection
EndGlobal
